
Microsoft Visual Studio Solution File, Format Version 12.00
# Visual Studio Version 17
VisualStudioVersion = 17.8.34226.59
MinimumVisualStudioVersion = 10.0.40219.1
Project("{FAE04EC0-301F-11D3-BF4B-00C04F79EFBC}") = "DuplicateEntryMauiTest", "DuplicateEntryMauiTest\DuplicateEntryMauiTest.csproj", "{BA87BAEF-1D94-4600-85B4-67D3F486BA11}"
EndProject
Project("{FAE04EC0-301F-11D3-BF4B-00C04F79EFBC}") = "TestMauiLib", "TestMauiLib\TestMauiLib.csproj", "{55098E67-F46B-4F53-B9FD-218AD291F723}"
EndProject
Project("{FAE04EC0-301F-11D3-BF4B-00C04F79EFBC}") = "MauiLib2", "MauiLib2\MauiLib2.csproj", "{8A3026EF-C538-49CE-A212-0531F6DEF37C}"
EndProject
Project("{FAE04EC0-301F-11D3-BF4B-00C04F79EFBC}") = "CoolLibrary", "CoolLibrary\CoolLibrary.csproj", "{43821B06-4BF2-47DD-9586-4AD4B5CE1F5B}"
EndProject
Global
	GlobalSection(SolutionConfigurationPlatforms) = preSolution
		Debug|Any CPU = Debug|Any CPU
		Release|Any CPU = Release|Any CPU
	EndGlobalSection
	GlobalSection(ProjectConfigurationPlatforms) = postSolution
		{BA87BAEF-1D94-4600-85B4-67D3F486BA11}.Debug|Any CPU.ActiveCfg = Debug|Any CPU
		{BA87BAEF-1D94-4600-85B4-67D3F486BA11}.Debug|Any CPU.Build.0 = Debug|Any CPU
		{BA87BAEF-1D94-4600-85B4-67D3F486BA11}.Debug|Any CPU.Deploy.0 = Debug|Any CPU
		{BA87BAEF-1D94-4600-85B4-67D3F486BA11}.Release|Any CPU.ActiveCfg = Release|Any CPU
		{BA87BAEF-1D94-4600-85B4-67D3F486BA11}.Release|Any CPU.Build.0 = Release|Any CPU
		{BA87BAEF-1D94-4600-85B4-67D3F486BA11}.Release|Any CPU.Deploy.0 = Release|Any CPU
		{55098E67-F46B-4F53-B9FD-218AD291F723}.Debug|Any CPU.ActiveCfg = Debug|Any CPU
		{55098E67-F46B-4F53-B9FD-218AD291F723}.Debug|Any CPU.Build.0 = Debug|Any CPU
		{55098E67-F46B-4F53-B9FD-218AD291F723}.Release|Any CPU.ActiveCfg = Release|Any CPU
		{55098E67-F46B-4F53-B9FD-218AD291F723}.Release|Any CPU.Build.0 = Release|Any CPU
		{8A3026EF-C538-49CE-A212-0531F6DEF37C}.Debug|Any CPU.ActiveCfg = Debug|Any CPU
		{8A3026EF-C538-49CE-A212-0531F6DEF37C}.Debug|Any CPU.Build.0 = Debug|Any CPU
		{8A3026EF-C538-49CE-A212-0531F6DEF37C}.Release|Any CPU.ActiveCfg = Release|Any CPU
		{8A3026EF-C538-49CE-A212-0531F6DEF37C}.Release|Any CPU.Build.0 = Release|Any CPU
		{43821B06-4BF2-47DD-9586-4AD4B5CE1F5B}.Debug|Any CPU.ActiveCfg = Debug|Any CPU
		{43821B06-4BF2-47DD-9586-4AD4B5CE1F5B}.Debug|Any CPU.Build.0 = Debug|Any CPU
		{43821B06-4BF2-47DD-9586-4AD4B5CE1F5B}.Release|Any CPU.ActiveCfg = Release|Any CPU
		{43821B06-4BF2-47DD-9586-4AD4B5CE1F5B}.Release|Any CPU.Build.0 = Release|Any CPU
	EndGlobalSection
	GlobalSection(SolutionProperties) = preSolution
		HideSolutionNode = FALSE
	EndGlobalSection
	GlobalSection(ExtensibilityGlobals) = postSolution
		SolutionGuid = {446FF9CE-CC2D-48B8-98ED-963E9A7ED5F9}
	EndGlobalSection
EndGlobal
